<?xml version="1.0" encoding="utf-8"?>
<Project ToolsVersion="4.0" xmlns="http://schemas.microsoft.com/developer/msbuild/2003">
  <ItemGroup>
    <Filter Include="Source Files">
      <UniqueIdentifier>{4FC737F1-C7A5-4376-A066-2A32D752A2FF}</UniqueIdentifier>
      <Extensions>cpp;c;cc;cxx;c++;cppm;ixx;def;odl;idl;hpj;bat;asm;asmx</Extensions>
    </Filter>
    <Filter Include="Header Files">
      <UniqueIdentifier>{93995380-89BD-4b04-88EB-625FBE52EBFB}</UniqueIdentifier>
      <Extensions>h;hh;hpp;hxx;h++;hm;inl;inc;ipp;xsd</Extensions>
    </Filter>
    <Filter Include="Grammars">
      <UniqueIdentifier>{95b2eeda-15f9-4dc8-9792-49cf9829e228}</UniqueIdentifier>
      <Extensions>gram</Extensions>
    </Filter>
    <Filter Include="Bin">
      <UniqueIdentifier>{ceea5c9e-c75a-41f0-9925-61bf87f4263b}</UniqueIdentifier>
      <Extensions>exe</Extensions>
    </Filter>
    <Filter Include="Readme">
      <UniqueIdentifier>{56240677-2b12-481f-84ba-16c9605628e7}</UniqueIdentifier>
      <Extensions>md</Extensions>
    </Filter>
    <Filter Include="LogFile">
      <UniqueIdentifier>{c06701ea-de25-4f50-a76c-78c999d3e6a7}</UniqueIdentifier>
      <Extensions>txt</Extensions>
    </Filter>
  </ItemGroup>
  <ItemGroup>
    <ClCompile Include="Bin.cpp">
      <Filter>Source Files</Filter>
    </ClCompile>
    <ClCompile Include="Bucket.cpp">
      <Filter>Source Files</Filter>
    </ClCompile>
    <ClCompile Include="Lexeme.cpp">
      <Filter>Source Files</Filter>
    </ClCompile>
    <ClCompile Include="Lexer.cpp">
      <Filter>Source Files</Filter>
    </ClCompile>
    <ClCompile Include="Main.cpp">
      <Filter>Source Files</Filter>
    </ClCompile>
    <ClCompile Include="Matrix.cpp">
      <Filter>Source Files</Filter>
    </ClCompile>
    <ClCompile Include="Parser.cpp">
      <Filter>Source Files</Filter>
    </ClCompile>
    <ClCompile Include="ParseTable.cpp">
      <Filter>Source Files</Filter>
    </ClCompile>
    <ClCompile Include="ParseTableEntry.cpp">
      <Filter>Source Files</Filter>
    </ClCompile>
    <ClCompile Include="ParseTableEntryMember.cpp">
      <Filter>Source Files</Filter>
    </ClCompile>
    <ClCompile Include="RecDecParGen.cpp">
      <Filter>Source Files</Filter>
    </ClCompile>
    <ClCompile Include="Rule.cpp">
      <Filter>Source Files</Filter>
    </ClCompile>
    <ClCompile Include="RuleObject.cpp">
      <Filter>Source Files</Filter>
    </ClCompile>
    <ClCompile Include="Set.cpp">
      <Filter>Source Files</Filter>
    </ClCompile>
    <ClCompile Include="SetMember.cpp">
      <Filter>Source Files</Filter>
    </ClCompile>
    <ClCompile Include="Stack.cpp">
      <Filter>Source Files</Filter>
    </ClCompile>
    <ClCompile Include="Symbol.cpp">
      <Filter>Source Files</Filter>
    </ClCompile>
    <ClCompile Include="SymTab.cpp">
      <Filter>Source Files</Filter>
    </ClCompile>
  </ItemGroup>
  <ItemGroup>
    <ClInclude Include="Bin.h">
      <Filter>Header Files</Filter>
    </ClInclude>
    <ClInclude Include="Bucket.h">
      <Filter>Header Files</Filter>
    </ClInclude>
    <ClInclude Include="Global.h">
      <Filter>Header Files</Filter>
    </ClInclude>
    <ClInclude Include="Lexeme.h">
      <Filter>Header Files</Filter>
    </ClInclude>
    <ClInclude Include="Lexer.h">
      <Filter>Header Files</Filter>
    </ClInclude>
    <ClInclude Include="Matrix.h">
      <Filter>Header Files</Filter>
    </ClInclude>
    <ClInclude Include="Parser.h">
      <Filter>Header Files</Filter>
    </ClInclude>
    <ClInclude Include="ParseTable.h">
      <Filter>Header Files</Filter>
    </ClInclude>
    <ClInclude Include="ParseTableEntry.h">
      <Filter>Header Files</Filter>
    </ClInclude>
    <ClInclude Include="ParseTableEntryMember.h">
      <Filter>Header Files</Filter>
    </ClInclude>
    <ClInclude Include="RecDecParGen.h">
      <Filter>Header Files</Filter>
    </ClInclude>
    <ClInclude Include="Rule.h">
      <Filter>Header Files</Filter>
    </ClInclude>
    <ClInclude Include="RuleObject.h">
      <Filter>Header Files</Filter>
    </ClInclude>
    <ClInclude Include="Set.h">
      <Filter>Header Files</Filter>
    </ClInclude>
    <ClInclude Include="SetMember.h">
      <Filter>Header Files</Filter>
    </ClInclude>
    <ClInclude Include="Stack.h">
      <Filter>Header Files</Filter>
    </ClInclude>
    <ClInclude Include="symbol.h">
      <Filter>Header Files</Filter>
    </ClInclude>
    <ClInclude Include="SymTab.h">
      <Filter>Header Files</Filter>
    </ClInclude>
  </ItemGroup>
  <ItemGroup>
    <None Include="Test.gram">
      <Filter>Grammars</Filter>
    </None>
    <None Include="Test2.gram">
      <Filter>Grammars</Filter>
    </None>
    <None Include="Bin\LLRDgen.exe">
      <Filter>Bin</Filter>
    </None>
    <None Include="README.md">
      <Filter>Readme</Filter>
    </None>
    <None Include="test3.gram">
      <Filter>Grammars</Filter>
    </None>
    <None Include="AS65.gram">
      <Filter>Grammars</Filter>
    </None>
    <None Include="Action.gram">
      <Filter>Grammars</Filter>
    </None>
    <None Include="action_x.gram">
      <Filter>Grammars</Filter>
    </None>
    <None Include="action_xx.gram">
      <Filter>Grammars</Filter>
    </None>
    <None Include="action_xxx.gram">
      <Filter>Grammars</Filter>
    </None>
  </ItemGroup>
  <ItemGroup>
    <Text Include="Log.txt">
      <Filter>LogFile</Filter>
    </Text>
  </ItemGroup>
</Project>